// !$*UTF8*$!
{
	archiveVersion = 1;
	classes = {
	};
	objectVersion = 77;
	objects = {

/* Begin PBXBuildFile section */
		F117532E2CC398E600AF046A /* DotLottie in Frameworks */ = {isa = PBXBuildFile; productRef = F117532D2CC398E600AF046A /* DotLottie */; };
		F13FD7AF2CBE7AE6004507F6 /* FirebaseAuth in Frameworks */ = {isa = PBXBuildFile; productRef = F13FD7AE2CBE7AE6004507F6 /* FirebaseAuth */; };
		F13FD7B22CBE7C0C004507F6 /* FirebaseFirestore in Frameworks */ = {isa = PBXBuildFile; productRef = F13FD7B12CBE7C0C004507F6 /* FirebaseFirestore */; };
		F153ED742CB538F9006733BD /* RxSwift in Frameworks */ = {isa = PBXBuildFile; productRef = F153ED732CB538F9006733BD /* RxSwift */; };
		F153ED772CB53910006733BD /* Alamofire in Frameworks */ = {isa = PBXBuildFile; productRef = F153ED762CB53910006733BD /* Alamofire */; };
		F153ED7A2CB53920006733BD /* Kingfisher in Frameworks */ = {isa = PBXBuildFile; productRef = F153ED792CB53920006733BD /* Kingfisher */; };
		F16B69472CC2C4A80005EAFA /* Lottie in Frameworks */ = {isa = PBXBuildFile; productRef = F16B69462CC2C4A80005EAFA /* Lottie */; };
/* End PBXBuildFile section */

/* Begin PBXFileReference section */
		F153ECF52CB5373B006733BD /* BitirmeProjesi.app */ = {isa = PBXFileReference; explicitFileType = wrapper.application; includeInIndex = 0; path = BitirmeProjesi.app; sourceTree = BUILT_PRODUCTS_DIR; };
/* End PBXFileReference section */

/* Begin PBXFileSystemSynchronizedBuildFileExceptionSet section */
		F153ED072CB5373D006733BD /* Exceptions for "BitirmeProjesi" folder in "BitirmeProjesi" target */ = {
			isa = PBXFileSystemSynchronizedBuildFileExceptionSet;
			membershipExceptions = (
				Info.plist,
			);
			target = F153ECF42CB5373B006733BD /* BitirmeProjesi */;
		};
/* End PBXFileSystemSynchronizedBuildFileExceptionSet section */

/* Begin PBXFileSystemSynchronizedRootGroup section */
		F153ECF72CB5373B006733BD /* BitirmeProjesi */ = {
			isa = PBXFileSystemSynchronizedRootGroup;
			exceptions = (
				F153ED072CB5373D006733BD /* Exceptions for "BitirmeProjesi" folder in "BitirmeProjesi" target */,
			);
			path = BitirmeProjesi;
			sourceTree = "<group>";
		};
/* End PBXFileSystemSynchronizedRootGroup section */

/* Begin PBXFrameworksBuildPhase section */
		F153ECF22CB5373B006733BD /* Frameworks */ = {
			isa = PBXFrameworksBuildPhase;
			buildActionMask = 2147483647;
			files = (
				F153ED7A2CB53920006733BD /* Kingfisher in Frameworks */,
				F153ED742CB538F9006733BD /* RxSwift in Frameworks */,
				F153ED772CB53910006733BD /* Alamofire in Frameworks */,
				F13FD7B22CBE7C0C004507F6 /* FirebaseFirestore in Frameworks */,
				F13FD7AF2CBE7AE6004507F6 /* FirebaseAuth in Frameworks */,
				F16B69472CC2C4A80005EAFA /* Lottie in Frameworks */,
				F117532E2CC398E600AF046A /* DotLottie in Frameworks */,
			);
			runOnlyForDeploymentPostprocessing = 0;
		};
/* End PBXFrameworksBuildPhase section */

/* Begin PBXGroup section */
		F13FD7B02CBE7C0C004507F6 /* Frameworks */ = {
			isa = PBXGroup;
			children = (
			);
			name = Frameworks;
			sourceTree = "<group>";
		};
		F153ECEC2CB5373B006733BD = {
			isa = PBXGroup;
			children = (
				F153ECF72CB5373B006733BD /* BitirmeProjesi */,
				F13FD7B02CBE7C0C004507F6 /* Frameworks */,
				F153ECF62CB5373B006733BD /* Products */,
			);
			sourceTree = "<group>";
		};
		F153ECF62CB5373B006733BD /* Products */ = {
			isa = PBXGroup;
			children = (
				F153ECF52CB5373B006733BD /* BitirmeProjesi.app */,
			);
			name = Products;
			sourceTree = "<group>";
		};
/* End PBXGroup section */

/* Begin PBXNativeTarget section */
		F153ECF42CB5373B006733BD /* BitirmeProjesi */ = {
			isa = PBXNativeTarget;
			buildConfigurationList = F153ED082CB5373D006733BD /* Build configuration list for PBXNativeTarget "BitirmeProjesi" */;
			buildPhases = (
				F153ECF12CB5373B006733BD /* Sources */,
				F153ECF22CB5373B006733BD /* Frameworks */,
				F153ECF32CB5373B006733BD /* Resources */,
			);
			buildRules = (
			);
			dependencies = (
			);
			fileSystemSynchronizedGroups = (
				F153ECF72CB5373B006733BD /* BitirmeProjesi */,
			);
			name = BitirmeProjesi;
			packageProductDependencies = (
				F153ED732CB538F9006733BD /* RxSwift */,
				F153ED762CB53910006733BD /* Alamofire */,
				F153ED792CB53920006733BD /* Kingfisher */,
				F13FD7AE2CBE7AE6004507F6 /* FirebaseAuth */,
				F13FD7B12CBE7C0C004507F6 /* FirebaseFirestore */,
				F16B69462CC2C4A80005EAFA /* Lottie */,
				F117532D2CC398E600AF046A /* DotLottie */,
			);
			productName = BitirmeProjesi;
			productReference = F153ECF52CB5373B006733BD /* BitirmeProjesi.app */;
			productType = "com.apple.product-type.application";
		};
/* End PBXNativeTarget section */

/* Begin PBXProject section */
		F153ECED2CB5373B006733BD /* Project object */ = {
			isa = PBXProject;
			attributes = {
				BuildIndependentTargetsInParallel = 1;
				LastSwiftUpdateCheck = 1600;
				LastUpgradeCheck = 1600;
				TargetAttributes = {
					F153ECF42CB5373B006733BD = {
						CreatedOnToolsVersion = 16.0;
					};
				};
			};
			buildConfigurationList = F153ECF02CB5373B006733BD /* Build configuration list for PBXProject "BitirmeProjesi" */;
			developmentRegion = en;
			hasScannedForEncodings = 0;
			knownRegions = (
				en,
				Base,
			);
			mainGroup = F153ECEC2CB5373B006733BD;
			minimizedProjectReferenceProxies = 1;
			packageReferences = (
				F153ED722CB538F9006733BD /* XCRemoteSwiftPackageReference "RxSwift" */,
				F153ED752CB53910006733BD /* XCRemoteSwiftPackageReference "Alamofire" */,
				F153ED782CB53920006733BD /* XCRemoteSwiftPackageReference "Kingfisher" */,
				F13FD7AD2CBE7AE6004507F6 /* XCRemoteSwiftPackageReference "firebase-ios-sdk" */,
				F16B69452CC2C4A80005EAFA /* XCRemoteSwiftPackageReference "lottie-ios" */,
				F117532C2CC398E600AF046A /* XCRemoteSwiftPackageReference "dotlottie-ios" */,
			);
			preferredProjectObjectVersion = 77;
			productRefGroup = F153ECF62CB5373B006733BD /* Products */;
			projectDirPath = "";
			projectRoot = "";
			targets = (
				F153ECF42CB5373B006733BD /* BitirmeProjesi */,
			);
		};
/* End PBXProject section */

/* Begin PBXResourcesBuildPhase section */
		F153ECF32CB5373B006733BD /* Resources */ = {
			isa = PBXResourcesBuildPhase;
			buildActionMask = 2147483647;
			files = (
			);
			runOnlyForDeploymentPostprocessing = 0;
		};
/* End PBXResourcesBuildPhase section */

/* Begin PBXSourcesBuildPhase section */
		F153ECF12CB5373B006733BD /* Sources */ = {
			isa = PBXSourcesBuildPhase;
			buildActionMask = 2147483647;
			files = (
			);
			runOnlyForDeploymentPostprocessing = 0;
		};
/* End PBXSourcesBuildPhase section */

/* Begin XCBuildConfiguration section */
		F153ED092CB5373D006733BD /* Debug */ = {
			isa = XCBuildConfiguration;
			buildSettings = {
				ASSETCATALOG_COMPILER_APPICON_NAME = AppIcon;
				ASSETCATALOG_COMPILER_GLOBAL_ACCENT_COLOR_NAME = AccentColor;
				ASSETCATALOG_COMPILER_INCLUDE_ALL_APPICON_ASSETS = NO;
				CODE_SIGN_STYLE = Automatic;
				CURRENT_PROJECT_VERSION = 1;
				GENERATE_INFOPLIST_FILE = YES;
				INFOPLIST_FILE = BitirmeProjesi/Info.plist;
				INFOPLIST_KEY_CFBundleDisplayName = KolaySepet;
				INFOPLIST_KEY_UIApplicationSupportsIndirectInputEvents = YES;
				INFOPLIST_KEY_UILaunchStoryboardName = LaunchScreen;
				INFOPLIST_KEY_UIMainStoryboardFile = Main;
				INFOPLIST_KEY_UISupportedInterfaceOrientations_iPad = "UIInterfaceOrientationPortrait UIInterfaceOrientationPortraitUpsideDown UIInterfaceOrientationLandscapeLeft UIInterfaceOrientationLandscapeRight";
				INFOPLIST_KEY_UISupportedInterfaceOrientations_iPhone = "UIInterfaceOrientationPortrait UIInterfaceOrientationLandscapeLeft UIInterfaceOrientationLandscapeRight";
				IPHONEOS_DEPLOYMENT_TARGET = 17.5;
				LD_RUNPATH_SEARCH_PATHS = (
					"$(inherited)",
					"@executable_path/Frameworks",
				);
				MARKETING_VERSION = 1.0;
				PRODUCT_BUNDLE_IDENTIFIER = com.info.BitirmeProjesi;
				PRODUCT_NAME = "$(TARGET_NAME)";
				SWIFT_EMIT_LOC_STRINGS = YES;
				SWIFT_VERSION = 5.0;
				TARGETED_DEVICE_FAMILY = "1,2";
			};
			name = Debug;
		};
		F153ED0A2CB5373D006733BD /* Release */ = {
			isa = XCBuildConfiguration;
			buildSettings = {
				ASSETCATALOG_COMPILER_APPICON_NAME = AppIcon;
				ASSETCATALOG_COMPILER_GLOBAL_ACCENT_COLOR_NAME = AccentColor;
				ASSETCATALOG_COMPILER_INCLUDE_ALL_APPICON_ASSETS = NO;
				CODE_SIGN_STYLE = Automatic;
				CURRENT_PROJECT_VERSION = 1;
				GENERATE_INFOPLIST_FILE = YES;
				INFOPLIST_FILE = BitirmeProjesi/Info.plist;
				INFOPLIST_KEY_CFBundleDisplayName = KolaySepet;
				INFOPLIST_KEY_UIApplicationSupportsIndirectInputEvents = YES;
				INFOPLIST_KEY_UILaunchStoryboardName = LaunchScreen;
				INFOPLIST_KEY_UIMainStoryboardFile = Main;
				INFOPLIST_KEY_UISupportedInterfaceOrientations_iPad = "UIInterfaceOrientationPortrait UIInterfaceOrientationPortraitUpsideDown UIInterfaceOrientationLandscapeLeft UIInterfaceOrientationLandscapeRight";
				INFOPLIST_KEY_UISupportedInterfaceOrientations_iPhone = "UIInterfaceOrientationPortrait UIInterfaceOrientationLandscapeLeft UIInterfaceOrientationLandscapeRight";
				IPHONEOS_DEPLOYMENT_TARGET = 17.5;
				LD_RUNPATH_SEARCH_PATHS = (
					"$(inherited)",
					"@executable_path/Frameworks",
				);
				MARKETING_VERSION = 1.0;
				PRODUCT_BUNDLE_IDENTIFIER = com.info.BitirmeProjesi;
				PRODUCT_NAME = "$(TARGET_NAME)";
				SWIFT_EMIT_LOC_STRINGS = YES;
				SWIFT_VERSION = 5.0;
				TARGETED_DEVICE_FAMILY = "1,2";
			};
			name = Release;
		};
		F153ED0B2CB5373D006733BD /* Debug */ = {
			isa = XCBuildConfiguration;
			buildSettings = {
				ALWAYS_SEARCH_USER_PATHS = NO;
				ASSETCATALOG_COMPILER_GENERATE_SWIFT_ASSET_SYMBOL_EXTENSIONS = YES;
				CLANG_ANALYZER_NONNULL = YES;
				CLANG_ANALYZER_NUMBER_OBJECT_CONVERSION = YES_AGGRESSIVE;
				CLANG_CXX_LANGUAGE_STANDARD = "gnu++20";
				CLANG_ENABLE_MODULES = YES;
				CLANG_ENABLE_OBJC_ARC = YES;
				CLANG_ENABLE_OBJC_WEAK = YES;
				CLANG_WARN_BLOCK_CAPTURE_AUTORELEASING = YES;
				CLANG_WARN_BOOL_CONVERSION = YES;
				CLANG_WARN_COMMA = YES;
				CLANG_WARN_CONSTANT_CONVERSION = YES;
				CLANG_WARN_DEPRECATED_OBJC_IMPLEMENTATIONS = YES;
				CLANG_WARN_DIRECT_OBJC_ISA_USAGE = YES_ERROR;
				CLANG_WARN_DOCUMENTATION_COMMENTS = YES;
				CLANG_WARN_EMPTY_BODY = YES;
				CLANG_WARN_ENUM_CONVERSION = YES;
				CLANG_WARN_INFINITE_RECURSION = YES;
				CLANG_WARN_INT_CONVERSION = YES;
				CLANG_WARN_NON_LITERAL_NULL_CONVERSION = YES;
				CLANG_WARN_OBJC_IMPLICIT_RETAIN_SELF = YES;
				CLANG_WARN_OBJC_LITERAL_CONVERSION = YES;
				CLANG_WARN_OBJC_ROOT_CLASS = YES_ERROR;
				CLANG_WARN_QUOTED_INCLUDE_IN_FRAMEWORK_HEADER = YES;
				CLANG_WARN_RANGE_LOOP_ANALYSIS = YES;
				CLANG_WARN_STRICT_PROTOTYPES = YES;
				CLANG_WARN_SUSPICIOUS_MOVE = YES;
				CLANG_WARN_UNGUARDED_AVAILABILITY = YES_AGGRESSIVE;
				CLANG_WARN_UNREACHABLE_CODE = YES;
				CLANG_WARN__DUPLICATE_METHOD_MATCH = YES;
				COPY_PHASE_STRIP = NO;
				DEBUG_INFORMATION_FORMAT = dwarf;
				ENABLE_STRICT_OBJC_MSGSEND = YES;
				ENABLE_TESTABILITY = YES;
				ENABLE_USER_SCRIPT_SANDBOXING = YES;
				GCC_C_LANGUAGE_STANDARD = gnu17;
				GCC_DYNAMIC_NO_PIC = NO;
				GCC_NO_COMMON_BLOCKS = YES;
				GCC_OPTIMIZATION_LEVEL = 0;
				GCC_PREPROCESSOR_DEFINITIONS = (
					"DEBUG=1",
					"$(inherited)",
				);
				GCC_WARN_64_TO_32_BIT_CONVERSION = YES;
				GCC_WARN_ABOUT_RETURN_TYPE = YES_ERROR;
				GCC_WARN_UNDECLARED_SELECTOR = YES;
				GCC_WARN_UNINITIALIZED_AUTOS = YES_AGGRESSIVE;
				GCC_WARN_UNUSED_FUNCTION = YES;
				GCC_WARN_UNUSED_VARIABLE = YES;
				IPHONEOS_DEPLOYMENT_TARGET = 18.0;
				LOCALIZATION_PREFERS_STRING_CATALOGS = YES;
				MTL_ENABLE_DEBUG_INFO = INCLUDE_SOURCE;
				MTL_FAST_MATH = YES;
				ONLY_ACTIVE_ARCH = YES;
				SDKROOT = iphoneos;
				SWIFT_ACTIVE_COMPILATION_CONDITIONS = "DEBUG $(inherited)";
				SWIFT_OPTIMIZATION_LEVEL = "-Onone";
			};
			name = Debug;
		};
		F153ED0C2CB5373D006733BD /* Release */ = {
			isa = XCBuildConfiguration;
			buildSettings = {
				ALWAYS_SEARCH_USER_PATHS = NO;
				ASSETCATALOG_COMPILER_GENERATE_SWIFT_ASSET_SYMBOL_EXTENSIONS = YES;
				CLANG_ANALYZER_NONNULL = YES;
				CLANG_ANALYZER_NUMBER_OBJECT_CONVERSION = YES_AGGRESSIVE;
				CLANG_CXX_LANGUAGE_STANDARD = "gnu++20";
				CLANG_ENABLE_MODULES = YES;
				CLANG_ENABLE_OBJC_ARC = YES;
				CLANG_ENABLE_OBJC_WEAK = YES;
				CLANG_WARN_BLOCK_CAPTURE_AUTORELEASING = YES;
				CLANG_WARN_BOOL_CONVERSION = YES;
				CLANG_WARN_COMMA = YES;
				CLANG_WARN_CONSTANT_CONVERSION = YES;
				CLANG_WARN_DEPRECATED_OBJC_IMPLEMENTATIONS = YES;
				CLANG_WARN_DIRECT_OBJC_ISA_USAGE = YES_ERROR;
				CLANG_WARN_DOCUMENTATION_COMMENTS = YES;
				CLANG_WARN_EMPTY_BODY = YES;
				CLANG_WARN_ENUM_CONVERSION = YES;
				CLANG_WARN_INFINITE_RECURSION = YES;
				CLANG_WARN_INT_CONVERSION = YES;
				CLANG_WARN_NON_LITERAL_NULL_CONVERSION = YES;
				CLANG_WARN_OBJC_IMPLICIT_RETAIN_SELF = YES;
				CLANG_WARN_OBJC_LITERAL_CONVERSION = YES;
				CLANG_WARN_OBJC_ROOT_CLASS = YES_ERROR;
				CLANG_WARN_QUOTED_INCLUDE_IN_FRAMEWORK_HEADER = YES;
				CLANG_WARN_RANGE_LOOP_ANALYSIS = YES;
				CLANG_WARN_STRICT_PROTOTYPES = YES;
				CLANG_WARN_SUSPICIOUS_MOVE = YES;
				CLANG_WARN_UNGUARDED_AVAILABILITY = YES_AGGRESSIVE;
				CLANG_WARN_UNREACHABLE_CODE = YES;
				CLANG_WARN__DUPLICATE_METHOD_MATCH = YES;
				COPY_PHASE_STRIP = NO;
				DEBUG_INFORMATION_FORMAT = "dwarf-with-dsym";
				ENABLE_NS_ASSERTIONS = NO;
				ENABLE_STRICT_OBJC_MSGSEND = YES;
				ENABLE_USER_SCRIPT_SANDBOXING = YES;
				GCC_C_LANGUAGE_STANDARD = gnu17;
				GCC_NO_COMMON_BLOCKS = YES;
				GCC_WARN_64_TO_32_BIT_CONVERSION = YES;
				GCC_WARN_ABOUT_RETURN_TYPE = YES_ERROR;
				GCC_WARN_UNDECLARED_SELECTOR = YES;
				GCC_WARN_UNINITIALIZED_AUTOS = YES_AGGRESSIVE;
				GCC_WARN_UNUSED_FUNCTION = YES;
				GCC_WARN_UNUSED_VARIABLE = YES;
				IPHONEOS_DEPLOYMENT_TARGET = 18.0;
				LOCALIZATION_PREFERS_STRING_CATALOGS = YES;
				MTL_ENABLE_DEBUG_INFO = NO;
				MTL_FAST_MATH = YES;
				SDKROOT = iphoneos;
				SWIFT_COMPILATION_MODE = wholemodule;
				VALIDATE_PRODUCT = YES;
			};
			name = Release;
		};
/* End XCBuildConfiguration section */

/* Begin XCConfigurationList section */
		F153ECF02CB5373B006733BD /* Build configuration list for PBXProject "BitirmeProjesi" */ = {
			isa = XCConfigurationList;
			buildConfigurations = (
				F153ED0B2CB5373D006733BD /* Debug */,
				F153ED0C2CB5373D006733BD /* Release */,
			);
			defaultConfigurationIsVisible = 0;
			defaultConfigurationName = Release;
		};
		F153ED082CB5373D006733BD /* Build configuration list for PBXNativeTarget "BitirmeProjesi" */ = {
			isa = XCConfigurationList;
			buildConfigurations = (
				F153ED092CB5373D006733BD /* Debug */,
				F153ED0A2CB5373D006733BD /* Release */,
			);
			defaultConfigurationIsVisible = 0;
			defaultConfigurationName = Release;
		};
/* End XCConfigurationList section */

/* Begin XCRemoteSwiftPackageReference section */
		F117532C2CC398E600AF046A /* XCRemoteSwiftPackageReference "dotlottie-ios" */ = {
			isa = XCRemoteSwiftPackageReference;
			repositoryURL = "https://github.com/LottieFiles/dotlottie-ios";
			requirement = {
				branch = main;
				kind = branch;
			};
		};
		F13FD7AD2CBE7AE6004507F6 /* XCRemoteSwiftPackageReference "firebase-ios-sdk" */ = {
			isa = XCRemoteSwiftPackageReference;
			repositoryURL = "https://github.com/firebase/firebase-ios-sdk";
			requirement = {
				kind = upToNextMajorVersion;
				minimumVersion = 11.3.0;
			};
		};
		F153ED722CB538F9006733BD /* XCRemoteSwiftPackageReference "RxSwift" */ = {
			isa = XCRemoteSwiftPackageReference;
			repositoryURL = "https://github.com/ReactiveX/RxSwift.git";
			requirement = {
				kind = upToNextMajorVersion;
				minimumVersion = 6.8.0;
			};
		};
		F153ED752CB53910006733BD /* XCRemoteSwiftPackageReference "Alamofire" */ = {
			isa = XCRemoteSwiftPackageReference;
			repositoryURL = "https://github.com/Alamofire/Alamofire.git";
			requirement = {
				kind = upToNextMajorVersion;
				minimumVersion = 5.9.1;
			};
		};
		F153ED782CB53920006733BD /* XCRemoteSwiftPackageReference "Kingfisher" */ = {
			isa = XCRemoteSwiftPackageReference;
			repositoryURL = "https://github.com/onevcat/Kingfisher.git";
			requirement = {
				kind = upToNextMajorVersion;
				minimumVersion = 8.0.3;
			};
		};
		F16B69452CC2C4A80005EAFA /* XCRemoteSwiftPackageReference "lottie-ios" */ = {
			isa = XCRemoteSwiftPackageReference;
			repositoryURL = "https://github.com/airbnb/lottie-ios";
			requirement = {
				kind = upToNextMajorVersion;
				minimumVersion = 4.5.0;
			};
		};
/* End XCRemoteSwiftPackageReference section */

/* Begin XCSwiftPackageProductDependency section */
		F117532D2CC398E600AF046A /* DotLottie */ = {
			isa = XCSwiftPackageProductDependency;
			package = F117532C2CC398E600AF046A /* XCRemoteSwiftPackageReference "dotlottie-ios" */;
			productName = DotLottie;
		};
		F13FD7AE2CBE7AE6004507F6 /* FirebaseAuth */ = {
			isa = XCSwiftPackageProductDependency;
			package = F13FD7AD2CBE7AE6004507F6 /* XCRemoteSwiftPackageReference "firebase-ios-sdk" */;
			productName = FirebaseAuth;
		};
		F13FD7B12CBE7C0C004507F6 /* FirebaseFirestore */ = {
			isa = XCSwiftPackageProductDependency;
			package = F13FD7AD2CBE7AE6004507F6 /* XCRemoteSwiftPackageReference "firebase-ios-sdk" */;
			productName = FirebaseFirestore;
		};
		F153ED732CB538F9006733BD /* RxSwift */ = {
			isa = XCSwiftPackageProductDependency;
			package = F153ED722CB538F9006733BD /* XCRemoteSwiftPackageReference "RxSwift" */;
			productName = RxSwift;
		};
		F153ED762CB53910006733BD /* Alamofire */ = {
			isa = XCSwiftPackageProductDependency;
			package = F153ED752CB53910006733BD /* XCRemoteSwiftPackageReference "Alamofire" */;
			productName = Alamofire;
		};
		F153ED792CB53920006733BD /* Kingfisher */ = {
			isa = XCSwiftPackageProductDependency;
			package = F153ED782CB53920006733BD /* XCRemoteSwiftPackageReference "Kingfisher" */;
			productName = Kingfisher;
		};
		F16B69462CC2C4A80005EAFA /* Lottie */ = {
			isa = XCSwiftPackageProductDependency;
			package = F16B69452CC2C4A80005EAFA /* XCRemoteSwiftPackageReference "lottie-ios" */;
			productName = Lottie;
		};
/* End XCSwiftPackageProductDependency section */
	};
	rootObject = F153ECED2CB5373B006733BD /* Project object */;
}
